
Microsoft Visual Studio Solution File, Format Version 12.00
# Visual Studio Version 16
VisualStudioVersion = 16.0.30406.217
MinimumVisualStudioVersion = 10.0.40219.1
Project("{FAE04EC0-301F-11D3-BF4B-00C04F79EFBC}") = "DataStore.Server", "DataStore.Server.csproj", "{7006931A-D276-4A66-AD00-13B469D9BC51}"
EndProject
Project("{9A19103F-16F7-4668-BE54-9A1E7A4F7556}") = "DataStore.Client", "..\DataStore.Client\DataStore.Client.csproj", "{D9937051-9633-419A-90A3-A1B97C2BDA0A}"
EndProject
Global
	GlobalSection(SolutionConfigurationPlatforms) = preSolution
		Debug|Any CPU = Debug|Any CPU
		Release|Any CPU = Release|Any CPU
	EndGlobalSection
	GlobalSection(ProjectConfigurationPlatforms) = postSolution
		{7006931A-D276-4A66-AD00-13B469D9BC51}.Debug|Any CPU.ActiveCfg = Debug|Any CPU
		{7006931A-D276-4A66-AD00-13B469D9BC51}.Debug|Any CPU.Build.0 = Debug|Any CPU
		{7006931A-D276-4A66-AD00-13B469D9BC51}.Release|Any CPU.ActiveCfg = Release|Any CPU
		{7006931A-D276-4A66-AD00-13B469D9BC51}.Release|Any CPU.Build.0 = Release|Any CPU
		{D9937051-9633-419A-90A3-A1B97C2BDA0A}.Debug|Any CPU.ActiveCfg = Debug|Any CPU
		{D9937051-9633-419A-90A3-A1B97C2BDA0A}.Debug|Any CPU.Build.0 = Debug|Any CPU
		{D9937051-9633-419A-90A3-A1B97C2BDA0A}.Release|Any CPU.ActiveCfg = Release|Any CPU
		{D9937051-9633-419A-90A3-A1B97C2BDA0A}.Release|Any CPU.Build.0 = Release|Any CPU
	EndGlobalSection
	GlobalSection(SolutionProperties) = preSolution
		HideSolutionNode = FALSE
	EndGlobalSection
	GlobalSection(ExtensibilityGlobals) = postSolution
		SolutionGuid = {EE11211B-AFF5-4C67-B292-F7E72FBDF4ED}
	EndGlobalSection
EndGlobal
